
Microsoft Visual Studio Solution File, Format Version 12.00
# Visual Studio Version 17
VisualStudioVersion = 17.7.34031.279
MinimumVisualStudioVersion = 10.0.40219.1
Project("{FAE04EC0-301F-11D3-BF4B-00C04F79EFBC}") = "Calculator", "Calculator\Calculator.csproj", "{9DA6CCEA-0CF8-4780-8DF7-3C2FC1876698}"
EndProject
Global
	GlobalSection(SolutionConfigurationPlatforms) = preSolution
		Debug|Any CPU = Debug|Any CPU
		Release|Any CPU = Release|Any CPU
	EndGlobalSection
	GlobalSection(ProjectConfigurationPlatforms) = postSolution
		{9DA6CCEA-0CF8-4780-8DF7-3C2FC1876698}.Debug|Any CPU.ActiveCfg = Debug|Any CPU
		{9DA6CCEA-0CF8-4780-8DF7-3C2FC1876698}.Debug|Any CPU.Build.0 = Debug|Any CPU
		{9DA6CCEA-0CF8-4780-8DF7-3C2FC1876698}.Release|Any CPU.ActiveCfg = Release|Any CPU
		{9DA6CCEA-0CF8-4780-8DF7-3C2FC1876698}.Release|Any CPU.Build.0 = Release|Any CPU
	EndGlobalSection
	GlobalSection(SolutionProperties) = preSolution
		HideSolutionNode = FALSE
	EndGlobalSection
	GlobalSection(ExtensibilityGlobals) = postSolution
		SolutionGuid = {A98073B9-4A74-475E-A26D-AD5EDEEB48AC}
	EndGlobalSection
EndGlobal
